github.com/ShowMax/go-fqdn v0.0.0-20160909083404-2501cdd51ef4 h1:LbMMQr4Ij1Eq5RUNsLBpNmcnhRXuq+BlyInEbI4FTAU=
github.com/ShowMax/go-fqdn v0.0.0-20160909083404-2501cdd51ef4/go.mod h1:Wbphg/zwBzq1nUotnHP8day9iRhcMOwh7JFW1vkzq6w=
github.com/ShowMax/sockrus v0.0.0-20161217072822-afe97c67efe5 h1:tpsrICOo2mhl5/czi+Ng9gU60f0OvhwxV1NLJW2Kph8=
github.com/ShowMax/sockrus v0.0.0-20161217072822-afe97c67efe5/go.mod h1:2L2V/93yrs9fu6AaVBcE2slCOAgRqFttvIztv1xifno=
github.com/Sirupsen/logrus v0.11.6-0.20170504071019-5b60b3d3ee01 h1:tAZ4qXS3/MGvXvl7+Lj2Hk/4s/1FlYbij4JyCaaTq9Y=
github.com/Sirupsen/logrus v0.11.6-0.20170504071019-5b60b3d3ee01/go.mod h1:rmk17hk6i8ZSAJkSDa7nOxamrG+SP4P0mm+DAvExv4U=
github.com/bshuster-repo/logrus-logstash-hook v0.0.0-20170330082342-cf321b0839ac h1:RRPh3THtbgd0u8FbY480qesAhNF8mzzV5mg9sCJM3h8=
github.com/bshuster-repo/logrus-logstash-hook v0.0.0-20170330082342-cf321b0839ac/go.mod h1:zsTqEiSzDgAa/8GZR7E1qaXrhYNDKBYy5/dWPTIflbk=
github.com/hashicorp/go-immutable-radix v0.0.0-20170214025236-30664b879c9a h1:RhntZn44RoPCEfqs8/5RWJFhM/P2nnnF/21vdBPoK90=
github.com/hashicorp/go-immutable-radix v0.0.0-20170214025236-30664b879c9a/go.mod h1:6ij3Z20p+OhOkCSrA0gImAWoHYQRGbnlcuk6XYTiaRw=
github.com/hashicorp/golang-lru v0.0.0-20160813221303-0a025b7e63ad h1:eMxs9EL0PvIGS9TTtxg4R+JxuPGav82J8rA+GFnY7po=
github.com/hashicorp/golang-lru v0.0.0-20160813221303-0a025b7e63ad/go.mod h1:/m3WP610KZHVQ1SGc6re/UDhFvYD7pJ4Ao+sR/qLZy8=
github.com/pelletier/go-buffruneio v0.2.0 h1:U4t4R6YkofJ5xHm3dJzuRpPZ0mr5MMCoAWooScCR7aA=
github.com/pelletier/go-buffruneio v0.2.0/go.mod h1:JkE26KsDizTr40EUHkXVtNPvgGtbSNq5BcowyYOWdKo=
github.com/pelletier/go-toml v0.5.1-0.20170504040314-97253b98df84 h1:Ska5EhXL9Hs7+RgAYPNQZhHfWz9VzY8T8jZ4ousFGxU=
github.com/pelletier/go-toml v0.5.1-0.20170504040314-97253b98df84/go.mod h1:5z9KED0ma1S8pY6P1sdut58dfprrGBbd/94hg7ilaic=
golang.org/x/sys v0.0.0-20170427041856-9ccfe848b9db h1:znurcNjtwV7XblDOBERYCP1TUjpwbp8bi3Szx8gbNBE=
golang.org/x/sys v0.0.0-20170427041856-9ccfe848b9db/go.mod h1:STP8DvDyc/dI5b8T5hshtkjS+E42TnysNCUPdjciGhY=
